
Microsoft Visual Studio Solution File, Format Version 12.00
# Visual Studio Version 16
VisualStudioVersion = 16.0.29709.97
MinimumVisualStudioVersion = 10.0.40219.1
Project("{FAE04EC0-301F-11D3-BF4B-00C04F79EFBC}") = "PdfITextSharp", "PdfITextSharp\PdfITextSharp.csproj", "{9906BE1A-503F-4FAA-A3AA-2EA7BADC9CEC}"
EndProject
Global
	GlobalSection(SolutionConfigurationPlatforms) = preSolution
		Debug|Any CPU = Debug|Any CPU
		Release|Any CPU = Release|Any CPU
	EndGlobalSection
	GlobalSection(ProjectConfigurationPlatforms) = postSolution
		{9906BE1A-503F-4FAA-A3AA-2EA7BADC9CEC}.Debug|Any CPU.ActiveCfg = Debug|Any CPU
		{9906BE1A-503F-4FAA-A3AA-2EA7BADC9CEC}.Debug|Any CPU.Build.0 = Debug|Any CPU
		{9906BE1A-503F-4FAA-A3AA-2EA7BADC9CEC}.Release|Any CPU.ActiveCfg = Release|Any CPU
		{9906BE1A-503F-4FAA-A3AA-2EA7BADC9CEC}.Release|Any CPU.Build.0 = Release|Any CPU
	EndGlobalSection
	GlobalSection(SolutionProperties) = preSolution
		HideSolutionNode = FALSE
	EndGlobalSection
	GlobalSection(ExtensibilityGlobals) = postSolution
		SolutionGuid = {57E19BC7-E616-4E25-9087-903BB9183403}
	EndGlobalSection
EndGlobal
